
Microsoft Visual Studio Solution File, Format Version 12.00
# Visual Studio Version 17
VisualStudioVersion = 17.11.35327.3
MinimumVisualStudioVersion = 10.0.40219.1
Project("{8BC9CEB8-8B4A-11D0-8D11-00A0C91BC942}") = "GameServer", "GameServer\GameServer.vcxproj", "{3114FFE7-0BF3-499B-A973-029516CEB56E}"
EndProject
Project("{8BC9CEB8-8B4A-11D0-8D11-00A0C91BC942}") = "DummyClient", "DummyClient\DummyClient.vcxproj", "{0FD6DEFC-A62A-4E17-BFC0-70041721899E}"
EndProject
Project("{8BC9CEB8-8B4A-11D0-8D11-00A0C91BC942}") = "ServerCore", "ServerCore\ServerCore.vcxproj", "{4B35FC7C-92E0-448F-ABF4-55060F28FC38}"
EndProject
Global
	GlobalSection(SolutionConfigurationPlatforms) = preSolution
		Debug|x64 = Debug|x64
		Debug|x86 = Debug|x86
		Release|x64 = Release|x64
		Release|x86 = Release|x86
	EndGlobalSection
	GlobalSection(ProjectConfigurationPlatforms) = postSolution
		{3114FFE7-0BF3-499B-A973-029516CEB56E}.Debug|x64.ActiveCfg = Debug|x64
		{3114FFE7-0BF3-499B-A973-029516CEB56E}.Debug|x64.Build.0 = Debug|x64
		{3114FFE7-0BF3-499B-A973-029516CEB56E}.Debug|x86.ActiveCfg = Debug|Win32
		{3114FFE7-0BF3-499B-A973-029516CEB56E}.Debug|x86.Build.0 = Debug|Win32
		{3114FFE7-0BF3-499B-A973-029516CEB56E}.Release|x64.ActiveCfg = Release|x64
		{3114FFE7-0BF3-499B-A973-029516CEB56E}.Release|x64.Build.0 = Release|x64
		{3114FFE7-0BF3-499B-A973-029516CEB56E}.Release|x86.ActiveCfg = Release|Win32
		{3114FFE7-0BF3-499B-A973-029516CEB56E}.Release|x86.Build.0 = Release|Win32
		{0FD6DEFC-A62A-4E17-BFC0-70041721899E}.Debug|x64.ActiveCfg = Debug|x64
		{0FD6DEFC-A62A-4E17-BFC0-70041721899E}.Debug|x64.Build.0 = Debug|x64
		{0FD6DEFC-A62A-4E17-BFC0-70041721899E}.Debug|x86.ActiveCfg = Debug|Win32
		{0FD6DEFC-A62A-4E17-BFC0-70041721899E}.Debug|x86.Build.0 = Debug|Win32
		{0FD6DEFC-A62A-4E17-BFC0-70041721899E}.Release|x64.ActiveCfg = Release|x64
		{0FD6DEFC-A62A-4E17-BFC0-70041721899E}.Release|x64.Build.0 = Release|x64
		{0FD6DEFC-A62A-4E17-BFC0-70041721899E}.Release|x86.ActiveCfg = Release|Win32
		{0FD6DEFC-A62A-4E17-BFC0-70041721899E}.Release|x86.Build.0 = Release|Win32
		{4B35FC7C-92E0-448F-ABF4-55060F28FC38}.Debug|x64.ActiveCfg = Debug|x64
		{4B35FC7C-92E0-448F-ABF4-55060F28FC38}.Debug|x64.Build.0 = Debug|x64
		{4B35FC7C-92E0-448F-ABF4-55060F28FC38}.Debug|x86.ActiveCfg = Debug|Win32
		{4B35FC7C-92E0-448F-ABF4-55060F28FC38}.Debug|x86.Build.0 = Debug|Win32
		{4B35FC7C-92E0-448F-ABF4-55060F28FC38}.Release|x64.ActiveCfg = Release|x64
		{4B35FC7C-92E0-448F-ABF4-55060F28FC38}.Release|x64.Build.0 = Release|x64
		{4B35FC7C-92E0-448F-ABF4-55060F28FC38}.Release|x86.ActiveCfg = Release|Win32
		{4B35FC7C-92E0-448F-ABF4-55060F28FC38}.Release|x86.Build.0 = Release|Win32
	EndGlobalSection
	GlobalSection(SolutionProperties) = preSolution
		HideSolutionNode = FALSE
	EndGlobalSection
	GlobalSection(ExtensibilityGlobals) = postSolution
		SolutionGuid = {183C9328-0C55-4D7F-939B-BC4B1D5A4552}
	EndGlobalSection
EndGlobal
